// !$*UTF8*$!
{
	archiveVersion = 1;
	classes = {
	};
	objectVersion = 56;
	objects = {

/* Begin PBXBuildFile section */
		045F41802E922A21002C1916 /* Service .swift in Sources */ = {isa = PBXBuildFile; fileRef = 045F417F2E922A21002C1916 /* Service .swift */; };
		045F41822E922A29002C1916 /* DataService.swift in Sources */ = {isa = PBXBuildFile; fileRef = 045F41812E922A29002C1916 /* DataService.swift */; };
		045F41852E922C27002C1916 /* ApiErrorEnum .swift in Sources */ = {isa = PBXBuildFile; fileRef = 045F41842E922C27002C1916 /* ApiErrorEnum .swift */; };
		04AEAA572EC50F9A00728A6E /* CardModel .swift in Sources */ = {isa = PBXBuildFile; fileRef = 04AEAA562EC50F9A00728A6E /* CardModel .swift */; };
		04B078E92E9174560058A05E /* InfoSheetViewComponent.swift in Sources */ = {isa = PBXBuildFile; fileRef = 04B078E82E9174560058A05E /* InfoSheetViewComponent.swift */; };
		04B078EB2E91762A0058A05E /* SheetModel.swift in Sources */ = {isa = PBXBuildFile; fileRef = 04B078EA2E91762A0058A05E /* SheetModel.swift */; };
		04B078EE2E91781F0058A05E /* SheetInfoView.swift in Sources */ = {isa = PBXBuildFile; fileRef = 04B078ED2E91781F0058A05E /* SheetInfoView.swift */; };
		04C796B72E8F415200A31CD8 /* WaterClockApp.swift in Sources */ = {isa = PBXBuildFile; fileRef = 04C796B62E8F415200A31CD8 /* WaterClockApp.swift */; };
		04C796B92E8F415200A31CD8 /* ContentView.swift in Sources */ = {isa = PBXBuildFile; fileRef = 04C796B82E8F415200A31CD8 /* ContentView.swift */; };
		04C796BB2E8F415400A31CD8 /* Assets.xcassets in Resources */ = {isa = PBXBuildFile; fileRef = 04C796BA2E8F415400A31CD8 /* Assets.xcassets */; };
		04C796BE2E8F415400A31CD8 /* Preview Assets.xcassets in Resources */ = {isa = PBXBuildFile; fileRef = 04C796BD2E8F415400A31CD8 /* Preview Assets.xcassets */; };
		04C796C82E8F415500A31CD8 /* WaterClockTests.swift in Sources */ = {isa = PBXBuildFile; fileRef = 04C796C72E8F415500A31CD8 /* WaterClockTests.swift */; };
		04C796D22E8F415500A31CD8 /* WaterClockUITests.swift in Sources */ = {isa = PBXBuildFile; fileRef = 04C796D12E8F415500A31CD8 /* WaterClockUITests.swift */; };
		04C796D42E8F415500A31CD8 /* WaterClockUITestsLaunchTests.swift in Sources */ = {isa = PBXBuildFile; fileRef = 04C796D32E8F415500A31CD8 /* WaterClockUITestsLaunchTests.swift */; };
		04C796E72E8F420500A31CD8 /* WaterClockSplashView.swift in Sources */ = {isa = PBXBuildFile; fileRef = 04C796E62E8F420500A31CD8 /* WaterClockSplashView.swift */; };
		04D44AA62E987A8200E0746A /* ClockModel.swift in Sources */ = {isa = PBXBuildFile; fileRef = 04D44AA52E987A8200E0746A /* ClockModel.swift */; };
		04D44AA82E9AB23800E0746A /* HomeViewModel .swift in Sources */ = {isa = PBXBuildFile; fileRef = 04D44AA72E9AB23800E0746A /* HomeViewModel .swift */; };
		04D44AAB2E9AB38000E0746A /* HomeView.swift in Sources */ = {isa = PBXBuildFile; fileRef = 04D44AAA2E9AB38000E0746A /* HomeView.swift */; };
		04D44AAE2E9AB7C600E0746A /* ExtensionColors.swift in Sources */ = {isa = PBXBuildFile; fileRef = 04D44AAD2E9AB7C600E0746A /* ExtensionColors.swift */; };
		04D44AB12E9B5B0000E0746A /* ChartView.swift in Sources */ = {isa = PBXBuildFile; fileRef = 04D44AB02E9B5B0000E0746A /* ChartView.swift */; };
		04FA0ACA2EC3C0C200096A07 /* ScreenEnum.swift in Sources */ = {isa = PBXBuildFile; fileRef = 04FA0AC92EC3C0C200096A07 /* ScreenEnum.swift */; };
		04FA0ACE2EC3C14F00096A07 /* MetricTitleComponent.swift in Sources */ = {isa = PBXBuildFile; fileRef = 04FA0ACD2EC3C14F00096A07 /* MetricTitleComponent.swift */; };
		04FA0AD02EC3C39D00096A07 /* MainCardComponent.swift in Sources */ = {isa = PBXBuildFile; fileRef = 04FA0ACF2EC3C39D00096A07 /* MainCardComponent.swift */; };
		04FA0AD42EC4381900096A07 /* FeatureCarouselComponent.swift in Sources */ = {isa = PBXBuildFile; fileRef = 04FA0AD32EC4381900096A07 /* FeatureCarouselComponent.swift */; };
/* End PBXBuildFile section */

/* Begin PBXContainerItemProxy section */
		04C796C42E8F415500A31CD8 /* PBXContainerItemProxy */ = {
			isa = PBXContainerItemProxy;
			containerPortal = 04C796AB2E8F415200A31CD8 /* Project object */;
			proxyType = 1;
			remoteGlobalIDString = 04C796B22E8F415200A31CD8;
			remoteInfo = WaterClock;
		};
		04C796CE2E8F415500A31CD8 /* PBXContainerItemProxy */ = {
			isa = PBXContainerItemProxy;
			containerPortal = 04C796AB2E8F415200A31CD8 /* Project object */;
			proxyType = 1;
			remoteGlobalIDString = 04C796B22E8F415200A31CD8;
			remoteInfo = WaterClock;
		};
/* End PBXContainerItemProxy section */

/* Begin PBXFileReference section */
		045F417F2E922A21002C1916 /* Service .swift */ = {isa = PBXFileReference; lastKnownFileType = sourcecode.swift; path = "Service .swift"; sourceTree = "<group>"; };
		045F41812E922A29002C1916 /* DataService.swift */ = {isa = PBXFileReference; lastKnownFileType = sourcecode.swift; path = DataService.swift; sourceTree = "<group>"; };
		045F41842E922C27002C1916 /* ApiErrorEnum .swift */ = {isa = PBXFileReference; lastKnownFileType = sourcecode.swift; path = "ApiErrorEnum .swift"; sourceTree = "<group>"; };
		04AEAA562EC50F9A00728A6E /* CardModel .swift */ = {isa = PBXFileReference; lastKnownFileType = sourcecode.swift; path = "CardModel .swift"; sourceTree = "<group>"; };
		04B078E82E9174560058A05E /* InfoSheetViewComponent.swift */ = {isa = PBXFileReference; lastKnownFileType = sourcecode.swift; path = InfoSheetViewComponent.swift; sourceTree = "<group>"; };
		04B078EA2E91762A0058A05E /* SheetModel.swift */ = {isa = PBXFileReference; lastKnownFileType = sourcecode.swift; path = SheetModel.swift; sourceTree = "<group>"; };
		04B078ED2E91781F0058A05E /* SheetInfoView.swift */ = {isa = PBXFileReference; lastKnownFileType = sourcecode.swift; path = SheetInfoView.swift; sourceTree = "<group>"; };
		04C796B32E8F415200A31CD8 /* WaterClock.app */ = {isa = PBXFileReference; explicitFileType = wrapper.application; includeInIndex = 0; path = WaterClock.app; sourceTree = BUILT_PRODUCTS_DIR; };
		04C796B62E8F415200A31CD8 /* WaterClockApp.swift */ = {isa = PBXFileReference; lastKnownFileType = sourcecode.swift; path = WaterClockApp.swift; sourceTree = "<group>"; };
		04C796B82E8F415200A31CD8 /* ContentView.swift */ = {isa = PBXFileReference; lastKnownFileType = sourcecode.swift; path = ContentView.swift; sourceTree = "<group>"; };
		04C796BA2E8F415400A31CD8 /* Assets.xcassets */ = {isa = PBXFileReference; lastKnownFileType = folder.assetcatalog; path = Assets.xcassets; sourceTree = "<group>"; };
		04C796BD2E8F415400A31CD8 /* Preview Assets.xcassets */ = {isa = PBXFileReference; lastKnownFileType = folder.assetcatalog; path = "Preview Assets.xcassets"; sourceTree = "<group>"; };
		04C796C32E8F415500A31CD8 /* WaterClockTests.xctest */ = {isa = PBXFileReference; explicitFileType = wrapper.cfbundle; includeInIndex = 0; path = WaterClockTests.xctest; sourceTree = BUILT_PRODUCTS_DIR; };
		04C796C72E8F415500A31CD8 /* WaterClockTests.swift */ = {isa = PBXFileReference; lastKnownFileType = sourcecode.swift; path = WaterClockTests.swift; sourceTree = "<group>"; };
		04C796CD2E8F415500A31CD8 /* WaterClockUITests.xctest */ = {isa = PBXFileReference; explicitFileType = wrapper.cfbundle; includeInIndex = 0; path = WaterClockUITests.xctest; sourceTree = BUILT_PRODUCTS_DIR; };
		04C796D12E8F415500A31CD8 /* WaterClockUITests.swift */ = {isa = PBXFileReference; lastKnownFileType = sourcecode.swift; path = WaterClockUITests.swift; sourceTree = "<group>"; };
		04C796D32E8F415500A31CD8 /* WaterClockUITestsLaunchTests.swift */ = {isa = PBXFileReference; lastKnownFileType = sourcecode.swift; path = WaterClockUITestsLaunchTests.swift; sourceTree = "<group>"; };
		04C796E62E8F420500A31CD8 /* WaterClockSplashView.swift */ = {isa = PBXFileReference; lastKnownFileType = sourcecode.swift; path = WaterClockSplashView.swift; sourceTree = "<group>"; };
		04D44AA52E987A8200E0746A /* ClockModel.swift */ = {isa = PBXFileReference; lastKnownFileType = sourcecode.swift; path = ClockModel.swift; sourceTree = "<group>"; };
		04D44AA72E9AB23800E0746A /* HomeViewModel .swift */ = {isa = PBXFileReference; lastKnownFileType = sourcecode.swift; path = "HomeViewModel .swift"; sourceTree = "<group>"; };
		04D44AAA2E9AB38000E0746A /* HomeView.swift */ = {isa = PBXFileReference; lastKnownFileType = sourcecode.swift; path = HomeView.swift; sourceTree = "<group>"; };
		04D44AAD2E9AB7C600E0746A /* ExtensionColors.swift */ = {isa = PBXFileReference; lastKnownFileType = sourcecode.swift; path = ExtensionColors.swift; sourceTree = "<group>"; };
		04D44AB02E9B5B0000E0746A /* ChartView.swift */ = {isa = PBXFileReference; lastKnownFileType = sourcecode.swift; path = ChartView.swift; sourceTree = "<group>"; };
		04FA0AC92EC3C0C200096A07 /* ScreenEnum.swift */ = {isa = PBXFileReference; lastKnownFileType = sourcecode.swift; path = ScreenEnum.swift; sourceTree = "<group>"; };
		04FA0ACD2EC3C14F00096A07 /* MetricTitleComponent.swift */ = {isa = PBXFileReference; lastKnownFileType = sourcecode.swift; path = MetricTitleComponent.swift; sourceTree = "<group>"; };
		04FA0ACF2EC3C39D00096A07 /* MainCardComponent.swift */ = {isa = PBXFileReference; lastKnownFileType = sourcecode.swift; path = MainCardComponent.swift; sourceTree = "<group>"; };
		04FA0AD32EC4381900096A07 /* FeatureCarouselComponent.swift */ = {isa = PBXFileReference; lastKnownFileType = sourcecode.swift; path = FeatureCarouselComponent.swift; sourceTree = "<group>"; };
/* End PBXFileReference section */

/* Begin PBXFrameworksBuildPhase section */
		04C796B02E8F415200A31CD8 /* Frameworks */ = {
			isa = PBXFrameworksBuildPhase;
			buildActionMask = 2147483647;
			files = (
			);
			runOnlyForDeploymentPostprocessing = 0;
		};
		04C796C02E8F415500A31CD8 /* Frameworks */ = {
			isa = PBXFrameworksBuildPhase;
			buildActionMask = 2147483647;
			files = (
			);
			runOnlyForDeploymentPostprocessing = 0;
		};
		04C796CA2E8F415500A31CD8 /* Frameworks */ = {
			isa = PBXFrameworksBuildPhase;
			buildActionMask = 2147483647;
			files = (
			);
			runOnlyForDeploymentPostprocessing = 0;
		};
/* End PBXFrameworksBuildPhase section */

/* Begin PBXGroup section */
		045F417E2E922A03002C1916 /* Service */ = {
			isa = PBXGroup;
			children = (
				045F417F2E922A21002C1916 /* Service .swift */,
				045F41812E922A29002C1916 /* DataService.swift */,
			);
			path = Service;
			sourceTree = "<group>";
		};
		045F41832E922C0A002C1916 /* Enums */ = {
			isa = PBXGroup;
			children = (
				045F41842E922C27002C1916 /* ApiErrorEnum .swift */,
				04FA0AC92EC3C0C200096A07 /* ScreenEnum.swift */,
			);
			path = Enums;
			sourceTree = "<group>";
		};
		04B078EC2E9177DF0058A05E /* SheetInfoView */ = {
			isa = PBXGroup;
			children = (
				04B078ED2E91781F0058A05E /* SheetInfoView.swift */,
			);
			path = SheetInfoView;
			sourceTree = "<group>";
		};
		04C796AA2E8F415200A31CD8 = {
			isa = PBXGroup;
			children = (
				04C796B52E8F415200A31CD8 /* WaterClock */,
				04C796C62E8F415500A31CD8 /* WaterClockTests */,
				04C796D02E8F415500A31CD8 /* WaterClockUITests */,
				04C796B42E8F415200A31CD8 /* Products */,
			);
			sourceTree = "<group>";
		};
		04C796B42E8F415200A31CD8 /* Products */ = {
			isa = PBXGroup;
			children = (
				04C796B32E8F415200A31CD8 /* WaterClock.app */,
				04C796C32E8F415500A31CD8 /* WaterClockTests.xctest */,
				04C796CD2E8F415500A31CD8 /* WaterClockUITests.xctest */,
			);
			name = Products;
			sourceTree = "<group>";
		};
		04C796B52E8F415200A31CD8 /* WaterClock */ = {
			isa = PBXGroup;
			children = (
				04FA0AC82EC3C0B800096A07 /* AppState */,
				04D44AAC2E9AB7AC00E0746A /* Extensions */,
				045F41832E922C0A002C1916 /* Enums */,
				04C796E22E8F41D900A31CD8 /* Models */,
				04C796E12E8F41D200A31CD8 /* Views */,
				045F417E2E922A03002C1916 /* Service */,
				04C796E02E8F41CC00A31CD8 /* Resources  */,
				04C796E32E8F41DD00A31CD8 /* ViewModels */,
				04C796B62E8F415200A31CD8 /* WaterClockApp.swift */,
				04C796B82E8F415200A31CD8 /* ContentView.swift */,
				04C796BC2E8F415400A31CD8 /* Preview Content */,
			);
			path = WaterClock;
			sourceTree = "<group>";
		};
		04C796BC2E8F415400A31CD8 /* Preview Content */ = {
			isa = PBXGroup;
			children = (
				04C796BD2E8F415400A31CD8 /* Preview Assets.xcassets */,
			);
			path = "Preview Content";
			sourceTree = "<group>";
		};
		04C796C62E8F415500A31CD8 /* WaterClockTests */ = {
			isa = PBXGroup;
			children = (
				04C796C72E8F415500A31CD8 /* WaterClockTests.swift */,
			);
			path = WaterClockTests;
			sourceTree = "<group>";
		};
		04C796D02E8F415500A31CD8 /* WaterClockUITests */ = {
			isa = PBXGroup;
			children = (
				04C796D12E8F415500A31CD8 /* WaterClockUITests.swift */,
				04C796D32E8F415500A31CD8 /* WaterClockUITestsLaunchTests.swift */,
			);
			path = WaterClockUITests;
			sourceTree = "<group>";
		};
		04C796E02E8F41CC00A31CD8 /* Resources  */ = {
			isa = PBXGroup;
			children = (
				04C796BA2E8F415400A31CD8 /* Assets.xcassets */,
			);
			path = "Resources ";
			sourceTree = "<group>";
		};
		04C796E12E8F41D200A31CD8 /* Views */ = {
			isa = PBXGroup;
			children = (
				04C796E42E8F41E500A31CD8 /* Components */,
				04D44AAF2E9B5AF500E0746A /* ChartView */,
				04D44AA92E9AB37500E0746A /* HomeView */,
				04B078EC2E9177DF0058A05E /* SheetInfoView */,
				04C796E52E8F41F300A31CD8 /* SplashView */,
			);
			path = Views;
			sourceTree = "<group>";
		};
		04C796E22E8F41D900A31CD8 /* Models */ = {
			isa = PBXGroup;
			children = (
				04B078EA2E91762A0058A05E /* SheetModel.swift */,
				04D44AA52E987A8200E0746A /* ClockModel.swift */,
				04AEAA562EC50F9A00728A6E /* CardModel .swift */,
			);
			path = Models;
			sourceTree = "<group>";
		};
		04C796E32E8F41DD00A31CD8 /* ViewModels */ = {
			isa = PBXGroup;
			children = (
				04D44AA72E9AB23800E0746A /* HomeViewModel .swift */,
			);
			path = ViewModels;
			sourceTree = "<group>";
		};
		04C796E42E8F41E500A31CD8 /* Components */ = {
			isa = PBXGroup;
			children = (
				04FA0ACC2EC3C13B00096A07 /* HomeComponents */,
				04FA0ACB2EC3C12F00096A07 /* SheetInfoComponents */,
			);
			path = Components;
			sourceTree = "<group>";
		};
		04C796E52E8F41F300A31CD8 /* SplashView */ = {
			isa = PBXGroup;
			children = (
				04C796E62E8F420500A31CD8 /* WaterClockSplashView.swift */,
			);
			path = SplashView;
			sourceTree = "<group>";
		};
		04D44AA92E9AB37500E0746A /* HomeView */ = {
			isa = PBXGroup;
			children = (
				04D44AAA2E9AB38000E0746A /* HomeView.swift */,
			);
			path = HomeView;
			sourceTree = "<group>";
		};
		04D44AAC2E9AB7AC00E0746A /* Extensions */ = {
			isa = PBXGroup;
			children = (
				04D44AAD2E9AB7C600E0746A /* ExtensionColors.swift */,
			);
			path = Extensions;
			sourceTree = "<group>";
		};
		04D44AAF2E9B5AF500E0746A /* ChartView */ = {
			isa = PBXGroup;
			children = (
				04D44AB02E9B5B0000E0746A /* ChartView.swift */,
			);
			path = ChartView;
			sourceTree = "<group>";
		};
		04FA0AC82EC3C0B800096A07 /* AppState */ = {
			isa = PBXGroup;
			children = (
			);
			path = AppState;
			sourceTree = "<group>";
		};
		04FA0ACB2EC3C12F00096A07 /* SheetInfoComponents */ = {
			isa = PBXGroup;
			children = (
				04B078E82E9174560058A05E /* InfoSheetViewComponent.swift */,
			);
			path = SheetInfoComponents;
			sourceTree = "<group>";
		};
		04FA0ACC2EC3C13B00096A07 /* HomeComponents */ = {
			isa = PBXGroup;
			children = (
				04FA0ACD2EC3C14F00096A07 /* MetricTitleComponent.swift */,
				04FA0ACF2EC3C39D00096A07 /* MainCardComponent.swift */,
				04FA0AD32EC4381900096A07 /* FeatureCarouselComponent.swift */,
			);
			path = HomeComponents;
			sourceTree = "<group>";
		};
/* End PBXGroup section */

/* Begin PBXNativeTarget section */
		04C796B22E8F415200A31CD8 /* WaterClock */ = {
			isa = PBXNativeTarget;
			buildConfigurationList = 04C796D72E8F415500A31CD8 /* Build configuration list for PBXNativeTarget "WaterClock" */;
			buildPhases = (
				04C796AF2E8F415200A31CD8 /* Sources */,
				04C796B02E8F415200A31CD8 /* Frameworks */,
				04C796B12E8F415200A31CD8 /* Resources */,
			);
			buildRules = (
			);
			dependencies = (
			);
			name = WaterClock;
			productName = WaterClock;
			productReference = 04C796B32E8F415200A31CD8 /* WaterClock.app */;
			productType = "com.apple.product-type.application";
		};
		04C796C22E8F415500A31CD8 /* WaterClockTests */ = {
			isa = PBXNativeTarget;
			buildConfigurationList = 04C796DA2E8F415500A31CD8 /* Build configuration list for PBXNativeTarget "WaterClockTests" */;
			buildPhases = (
				04C796BF2E8F415500A31CD8 /* Sources */,
				04C796C02E8F415500A31CD8 /* Frameworks */,
				04C796C12E8F415500A31CD8 /* Resources */,
			);
			buildRules = (
			);
			dependencies = (
				04C796C52E8F415500A31CD8 /* PBXTargetDependency */,
			);
			name = WaterClockTests;
			productName = WaterClockTests;
			productReference = 04C796C32E8F415500A31CD8 /* WaterClockTests.xctest */;
			productType = "com.apple.product-type.bundle.unit-test";
		};
		04C796CC2E8F415500A31CD8 /* WaterClockUITests */ = {
			isa = PBXNativeTarget;
			buildConfigurationList = 04C796DD2E8F415500A31CD8 /* Build configuration list for PBXNativeTarget "WaterClockUITests" */;
			buildPhases = (
				04C796C92E8F415500A31CD8 /* Sources */,
				04C796CA2E8F415500A31CD8 /* Frameworks */,
				04C796CB2E8F415500A31CD8 /* Resources */,
			);
			buildRules = (
			);
			dependencies = (
				04C796CF2E8F415500A31CD8 /* PBXTargetDependency */,
			);
			name = WaterClockUITests;
			productName = WaterClockUITests;
			productReference = 04C796CD2E8F415500A31CD8 /* WaterClockUITests.xctest */;
			productType = "com.apple.product-type.bundle.ui-testing";
		};
/* End PBXNativeTarget section */

/* Begin PBXProject section */
		04C796AB2E8F415200A31CD8 /* Project object */ = {
			isa = PBXProject;
			attributes = {
				BuildIndependentTargetsInParallel = 1;
				LastSwiftUpdateCheck = 1500;
				LastUpgradeCheck = 1500;
				TargetAttributes = {
					04C796B22E8F415200A31CD8 = {
						CreatedOnToolsVersion = 15.0.1;
					};
					04C796C22E8F415500A31CD8 = {
						CreatedOnToolsVersion = 15.0.1;
						TestTargetID = 04C796B22E8F415200A31CD8;
					};
					04C796CC2E8F415500A31CD8 = {
						CreatedOnToolsVersion = 15.0.1;
						TestTargetID = 04C796B22E8F415200A31CD8;
					};
				};
			};
			buildConfigurationList = 04C796AE2E8F415200A31CD8 /* Build configuration list for PBXProject "WaterClock" */;
			compatibilityVersion = "Xcode 14.0";
			developmentRegion = en;
			hasScannedForEncodings = 0;
			knownRegions = (
				en,
				Base,
			);
			mainGroup = 04C796AA2E8F415200A31CD8;
			productRefGroup = 04C796B42E8F415200A31CD8 /* Products */;
			projectDirPath = "";
			projectRoot = "";
			targets = (
				04C796B22E8F415200A31CD8 /* WaterClock */,
				04C796C22E8F415500A31CD8 /* WaterClockTests */,
				04C796CC2E8F415500A31CD8 /* WaterClockUITests */,
			);
		};
/* End PBXProject section */

/* Begin PBXResourcesBuildPhase section */
		04C796B12E8F415200A31CD8 /* Resources */ = {
			isa = PBXResourcesBuildPhase;
			buildActionMask = 2147483647;
			files = (
				04C796BE2E8F415400A31CD8 /* Preview Assets.xcassets in Resources */,
				04C796BB2E8F415400A31CD8 /* Assets.xcassets in Resources */,
			);
			runOnlyForDeploymentPostprocessing = 0;
		};
		04C796C12E8F415500A31CD8 /* Resources */ = {
			isa = PBXResourcesBuildPhase;
			buildActionMask = 2147483647;
			files = (
			);
			runOnlyForDeploymentPostprocessing = 0;
		};
		04C796CB2E8F415500A31CD8 /* Resources */ = {
			isa = PBXResourcesBuildPhase;
			buildActionMask = 2147483647;
			files = (
			);
			runOnlyForDeploymentPostprocessing = 0;
		};
/* End PBXResourcesBuildPhase section */

/* Begin PBXSourcesBuildPhase section */
		04C796AF2E8F415200A31CD8 /* Sources */ = {
			isa = PBXSourcesBuildPhase;
			buildActionMask = 2147483647;
			files = (
				04C796E72E8F420500A31CD8 /* WaterClockSplashView.swift in Sources */,
				04C796B92E8F415200A31CD8 /* ContentView.swift in Sources */,
				04FA0ACA2EC3C0C200096A07 /* ScreenEnum.swift in Sources */,
				04B078EE2E91781F0058A05E /* SheetInfoView.swift in Sources */,
				04D44AB12E9B5B0000E0746A /* ChartView.swift in Sources */,
				045F41852E922C27002C1916 /* ApiErrorEnum .swift in Sources */,
				04D44AA82E9AB23800E0746A /* HomeViewModel .swift in Sources */,
				04FA0AD42EC4381900096A07 /* FeatureCarouselComponent.swift in Sources */,
				04B078EB2E91762A0058A05E /* SheetModel.swift in Sources */,
				04AEAA572EC50F9A00728A6E /* CardModel .swift in Sources */,
				04B078E92E9174560058A05E /* InfoSheetViewComponent.swift in Sources */,
				04D44AA62E987A8200E0746A /* ClockModel.swift in Sources */,
				045F41802E922A21002C1916 /* Service .swift in Sources */,
				04D44AAE2E9AB7C600E0746A /* ExtensionColors.swift in Sources */,
				04D44AAB2E9AB38000E0746A /* HomeView.swift in Sources */,
				04FA0AD02EC3C39D00096A07 /* MainCardComponent.swift in Sources */,
				04C796B72E8F415200A31CD8 /* WaterClockApp.swift in Sources */,
				04FA0ACE2EC3C14F00096A07 /* MetricTitleComponent.swift in Sources */,
				045F41822E922A29002C1916 /* DataService.swift in Sources */,
			);
			runOnlyForDeploymentPostprocessing = 0;
		};
		04C796BF2E8F415500A31CD8 /* Sources */ = {
			isa = PBXSourcesBuildPhase;
			buildActionMask = 2147483647;
			files = (
				04C796C82E8F415500A31CD8 /* WaterClockTests.swift in Sources */,
			);
			runOnlyForDeploymentPostprocessing = 0;
		};
		04C796C92E8F415500A31CD8 /* Sources */ = {
			isa = PBXSourcesBuildPhase;
			buildActionMask = 2147483647;
			files = (
				04C796D22E8F415500A31CD8 /* WaterClockUITests.swift in Sources */,
				04C796D42E8F415500A31CD8 /* WaterClockUITestsLaunchTests.swift in Sources */,
			);
			runOnlyForDeploymentPostprocessing = 0;
		};
/* End PBXSourcesBuildPhase section */

/* Begin PBXTargetDependency section */
		04C796C52E8F415500A31CD8 /* PBXTargetDependency */ = {
			isa = PBXTargetDependency;
			target = 04C796B22E8F415200A31CD8 /* WaterClock */;
			targetProxy = 04C796C42E8F415500A31CD8 /* PBXContainerItemProxy */;
		};
		04C796CF2E8F415500A31CD8 /* PBXTargetDependency */ = {
			isa = PBXTargetDependency;
			target = 04C796B22E8F415200A31CD8 /* WaterClock */;
			targetProxy = 04C796CE2E8F415500A31CD8 /* PBXContainerItemProxy */;
		};
/* End PBXTargetDependency section */

/* Begin XCBuildConfiguration section */
		04C796D52E8F415500A31CD8 /* Debug */ = {
			isa = XCBuildConfiguration;
			buildSettings = {
				ALWAYS_SEARCH_USER_PATHS = NO;
				ASSETCATALOG_COMPILER_GENERATE_SWIFT_ASSET_SYMBOL_EXTENSIONS = YES;
				CLANG_ANALYZER_NONNULL = YES;
				CLANG_ANALYZER_NUMBER_OBJECT_CONVERSION = YES_AGGRESSIVE;
				CLANG_CXX_LANGUAGE_STANDARD = "gnu++20";
				CLANG_ENABLE_MODULES = YES;
				CLANG_ENABLE_OBJC_ARC = YES;
				CLANG_ENABLE_OBJC_WEAK = YES;
				CLANG_WARN_BLOCK_CAPTURE_AUTORELEASING = YES;
				CLANG_WARN_BOOL_CONVERSION = YES;
				CLANG_WARN_COMMA = YES;
				CLANG_WARN_CONSTANT_CONVERSION = YES;
				CLANG_WARN_DEPRECATED_OBJC_IMPLEMENTATIONS = YES;
				CLANG_WARN_DIRECT_OBJC_ISA_USAGE = YES_ERROR;
				CLANG_WARN_DOCUMENTATION_COMMENTS = YES;
				CLANG_WARN_EMPTY_BODY = YES;
				CLANG_WARN_ENUM_CONVERSION = YES;
				CLANG_WARN_INFINITE_RECURSION = YES;
				CLANG_WARN_INT_CONVERSION = YES;
				CLANG_WARN_NON_LITERAL_NULL_CONVERSION = YES;
				CLANG_WARN_OBJC_IMPLICIT_RETAIN_SELF = YES;
				CLANG_WARN_OBJC_LITERAL_CONVERSION = YES;
				CLANG_WARN_OBJC_ROOT_CLASS = YES_ERROR;
				CLANG_WARN_QUOTED_INCLUDE_IN_FRAMEWORK_HEADER = YES;
				CLANG_WARN_RANGE_LOOP_ANALYSIS = YES;
				CLANG_WARN_STRICT_PROTOTYPES = YES;
				CLANG_WARN_SUSPICIOUS_MOVE = YES;
				CLANG_WARN_UNGUARDED_AVAILABILITY = YES_AGGRESSIVE;
				CLANG_WARN_UNREACHABLE_CODE = YES;
				CLANG_WARN__DUPLICATE_METHOD_MATCH = YES;
				COPY_PHASE_STRIP = NO;
				DEBUG_INFORMATION_FORMAT = dwarf;
				ENABLE_STRICT_OBJC_MSGSEND = YES;
				ENABLE_TESTABILITY = YES;
				ENABLE_USER_SCRIPT_SANDBOXING = YES;
				GCC_C_LANGUAGE_STANDARD = gnu17;
				GCC_DYNAMIC_NO_PIC = NO;
				GCC_NO_COMMON_BLOCKS = YES;
				GCC_OPTIMIZATION_LEVEL = 0;
				GCC_PREPROCESSOR_DEFINITIONS = (
					"DEBUG=1",
					"$(inherited)",
				);
				GCC_WARN_64_TO_32_BIT_CONVERSION = YES;
				GCC_WARN_ABOUT_RETURN_TYPE = YES_ERROR;
				GCC_WARN_UNDECLARED_SELECTOR = YES;
				GCC_WARN_UNINITIALIZED_AUTOS = YES_AGGRESSIVE;
				GCC_WARN_UNUSED_FUNCTION = YES;
				GCC_WARN_UNUSED_VARIABLE = YES;
				IPHONEOS_DEPLOYMENT_TARGET = 17.0;
				LOCALIZATION_PREFERS_STRING_CATALOGS = YES;
				MTL_ENABLE_DEBUG_INFO = INCLUDE_SOURCE;
				MTL_FAST_MATH = YES;
				ONLY_ACTIVE_ARCH = YES;
				SDKROOT = iphoneos;
				SWIFT_ACTIVE_COMPILATION_CONDITIONS = "DEBUG $(inherited)";
				SWIFT_OPTIMIZATION_LEVEL = "-Onone";
			};
			name = Debug;
		};
		04C796D62E8F415500A31CD8 /* Release */ = {
			isa = XCBuildConfiguration;
			buildSettings = {
				ALWAYS_SEARCH_USER_PATHS = NO;
				ASSETCATALOG_COMPILER_GENERATE_SWIFT_ASSET_SYMBOL_EXTENSIONS = YES;
				CLANG_ANALYZER_NONNULL = YES;
				CLANG_ANALYZER_NUMBER_OBJECT_CONVERSION = YES_AGGRESSIVE;
				CLANG_CXX_LANGUAGE_STANDARD = "gnu++20";
				CLANG_ENABLE_MODULES = YES;
				CLANG_ENABLE_OBJC_ARC = YES;
				CLANG_ENABLE_OBJC_WEAK = YES;
				CLANG_WARN_BLOCK_CAPTURE_AUTORELEASING = YES;
				CLANG_WARN_BOOL_CONVERSION = YES;
				CLANG_WARN_COMMA = YES;
				CLANG_WARN_CONSTANT_CONVERSION = YES;
				CLANG_WARN_DEPRECATED_OBJC_IMPLEMENTATIONS = YES;
				CLANG_WARN_DIRECT_OBJC_ISA_USAGE = YES_ERROR;
				CLANG_WARN_DOCUMENTATION_COMMENTS = YES;
				CLANG_WARN_EMPTY_BODY = YES;
				CLANG_WARN_ENUM_CONVERSION = YES;
				CLANG_WARN_INFINITE_RECURSION = YES;
				CLANG_WARN_INT_CONVERSION = YES;
				CLANG_WARN_NON_LITERAL_NULL_CONVERSION = YES;
				CLANG_WARN_OBJC_IMPLICIT_RETAIN_SELF = YES;
				CLANG_WARN_OBJC_LITERAL_CONVERSION = YES;
				CLANG_WARN_OBJC_ROOT_CLASS = YES_ERROR;
				CLANG_WARN_QUOTED_INCLUDE_IN_FRAMEWORK_HEADER = YES;
				CLANG_WARN_RANGE_LOOP_ANALYSIS = YES;
				CLANG_WARN_STRICT_PROTOTYPES = YES;
				CLANG_WARN_SUSPICIOUS_MOVE = YES;
				CLANG_WARN_UNGUARDED_AVAILABILITY = YES_AGGRESSIVE;
				CLANG_WARN_UNREACHABLE_CODE = YES;
				CLANG_WARN__DUPLICATE_METHOD_MATCH = YES;
				COPY_PHASE_STRIP = NO;
				DEBUG_INFORMATION_FORMAT = "dwarf-with-dsym";
				ENABLE_NS_ASSERTIONS = NO;
				ENABLE_STRICT_OBJC_MSGSEND = YES;
				ENABLE_USER_SCRIPT_SANDBOXING = YES;
				GCC_C_LANGUAGE_STANDARD = gnu17;
				GCC_NO_COMMON_BLOCKS = YES;
				GCC_WARN_64_TO_32_BIT_CONVERSION = YES;
				GCC_WARN_ABOUT_RETURN_TYPE = YES_ERROR;
				GCC_WARN_UNDECLARED_SELECTOR = YES;
				GCC_WARN_UNINITIALIZED_AUTOS = YES_AGGRESSIVE;
				GCC_WARN_UNUSED_FUNCTION = YES;
				GCC_WARN_UNUSED_VARIABLE = YES;
				IPHONEOS_DEPLOYMENT_TARGET = 17.0;
				LOCALIZATION_PREFERS_STRING_CATALOGS = YES;
				MTL_ENABLE_DEBUG_INFO = NO;
				MTL_FAST_MATH = YES;
				SDKROOT = iphoneos;
				SWIFT_COMPILATION_MODE = wholemodule;
				VALIDATE_PRODUCT = YES;
			};
			name = Release;
		};
		04C796D82E8F415500A31CD8 /* Debug */ = {
			isa = XCBuildConfiguration;
			buildSettings = {
				ASSETCATALOG_COMPILER_APPICON_NAME = AppIcon;
				ASSETCATALOG_COMPILER_GLOBAL_ACCENT_COLOR_NAME = AccentColor;
				CODE_SIGN_STYLE = Automatic;
				CURRENT_PROJECT_VERSION = 1;
				DEVELOPMENT_ASSET_PATHS = "\"WaterClock/Preview Content\"";
				ENABLE_PREVIEWS = YES;
				GENERATE_INFOPLIST_FILE = YES;
				INFOPLIST_KEY_UIApplicationSceneManifest_Generation = YES;
				INFOPLIST_KEY_UIApplicationSupportsIndirectInputEvents = YES;
				INFOPLIST_KEY_UILaunchScreen_Generation = YES;
				INFOPLIST_KEY_UISupportedInterfaceOrientations_iPad = "UIInterfaceOrientationPortrait UIInterfaceOrientationPortraitUpsideDown UIInterfaceOrientationLandscapeLeft UIInterfaceOrientationLandscapeRight";
				INFOPLIST_KEY_UISupportedInterfaceOrientations_iPhone = "UIInterfaceOrientationPortrait UIInterfaceOrientationLandscapeLeft UIInterfaceOrientationLandscapeRight";
				LD_RUNPATH_SEARCH_PATHS = (
					"$(inherited)",
					"@executable_path/Frameworks",
				);
				MARKETING_VERSION = 1.0;
				PRODUCT_BUNDLE_IDENTIFIER = com.WaterClock;
				PRODUCT_NAME = "$(TARGET_NAME)";
				SWIFT_EMIT_LOC_STRINGS = YES;
				SWIFT_VERSION = 5.0;
				TARGETED_DEVICE_FAMILY = "1,2";
			};
			name = Debug;
		};
		04C796D92E8F415500A31CD8 /* Release */ = {
			isa = XCBuildConfiguration;
			buildSettings = {
				ASSETCATALOG_COMPILER_APPICON_NAME = AppIcon;
				ASSETCATALOG_COMPILER_GLOBAL_ACCENT_COLOR_NAME = AccentColor;
				CODE_SIGN_STYLE = Automatic;
				CURRENT_PROJECT_VERSION = 1;
				DEVELOPMENT_ASSET_PATHS = "\"WaterClock/Preview Content\"";
				ENABLE_PREVIEWS = YES;
				GENERATE_INFOPLIST_FILE = YES;
				INFOPLIST_KEY_UIApplicationSceneManifest_Generation = YES;
				INFOPLIST_KEY_UIApplicationSupportsIndirectInputEvents = YES;
				INFOPLIST_KEY_UILaunchScreen_Generation = YES;
				INFOPLIST_KEY_UISupportedInterfaceOrientations_iPad = "UIInterfaceOrientationPortrait UIInterfaceOrientationPortraitUpsideDown UIInterfaceOrientationLandscapeLeft UIInterfaceOrientationLandscapeRight";
				INFOPLIST_KEY_UISupportedInterfaceOrientations_iPhone = "UIInterfaceOrientationPortrait UIInterfaceOrientationLandscapeLeft UIInterfaceOrientationLandscapeRight";
				LD_RUNPATH_SEARCH_PATHS = (
					"$(inherited)",
					"@executable_path/Frameworks",
				);
				MARKETING_VERSION = 1.0;
				PRODUCT_BUNDLE_IDENTIFIER = com.WaterClock;
				PRODUCT_NAME = "$(TARGET_NAME)";
				SWIFT_EMIT_LOC_STRINGS = YES;
				SWIFT_VERSION = 5.0;
				TARGETED_DEVICE_FAMILY = "1,2";
			};
			name = Release;
		};
		04C796DB2E8F415500A31CD8 /* Debug */ = {
			isa = XCBuildConfiguration;
			buildSettings = {
				ALWAYS_EMBED_SWIFT_STANDARD_LIBRARIES = YES;
				BUNDLE_LOADER = "$(TEST_HOST)";
				CODE_SIGN_STYLE = Automatic;
				CURRENT_PROJECT_VERSION = 1;
				GENERATE_INFOPLIST_FILE = YES;
				IPHONEOS_DEPLOYMENT_TARGET = 17.0;
				MARKETING_VERSION = 1.0;
				PRODUCT_BUNDLE_IDENTIFIER = com.WaterClockTests;
				PRODUCT_NAME = "$(TARGET_NAME)";
				SWIFT_EMIT_LOC_STRINGS = NO;
				SWIFT_VERSION = 5.0;
				TARGETED_DEVICE_FAMILY = "1,2";
				TEST_HOST = "$(BUILT_PRODUCTS_DIR)/WaterClock.app/$(BUNDLE_EXECUTABLE_FOLDER_PATH)/WaterClock";
			};
			name = Debug;
		};
		04C796DC2E8F415500A31CD8 /* Release */ = {
			isa = XCBuildConfiguration;
			buildSettings = {
				ALWAYS_EMBED_SWIFT_STANDARD_LIBRARIES = YES;
				BUNDLE_LOADER = "$(TEST_HOST)";
				CODE_SIGN_STYLE = Automatic;
				CURRENT_PROJECT_VERSION = 1;
				GENERATE_INFOPLIST_FILE = YES;
				IPHONEOS_DEPLOYMENT_TARGET = 17.0;
				MARKETING_VERSION = 1.0;
				PRODUCT_BUNDLE_IDENTIFIER = com.WaterClockTests;
				PRODUCT_NAME = "$(TARGET_NAME)";
				SWIFT_EMIT_LOC_STRINGS = NO;
				SWIFT_VERSION = 5.0;
				TARGETED_DEVICE_FAMILY = "1,2";
				TEST_HOST = "$(BUILT_PRODUCTS_DIR)/WaterClock.app/$(BUNDLE_EXECUTABLE_FOLDER_PATH)/WaterClock";
			};
			name = Release;
		};
		04C796DE2E8F415500A31CD8 /* Debug */ = {
			isa = XCBuildConfiguration;
			buildSettings = {
				ALWAYS_EMBED_SWIFT_STANDARD_LIBRARIES = YES;
				CODE_SIGN_STYLE = Automatic;
				CURRENT_PROJECT_VERSION = 1;
				GENERATE_INFOPLIST_FILE = YES;
				MARKETING_VERSION = 1.0;
				PRODUCT_BUNDLE_IDENTIFIER = com.WaterClockUITests;
				PRODUCT_NAME = "$(TARGET_NAME)";
				SWIFT_EMIT_LOC_STRINGS = NO;
				SWIFT_VERSION = 5.0;
				TARGETED_DEVICE_FAMILY = "1,2";
				TEST_TARGET_NAME = WaterClock;
			};
			name = Debug;
		};
		04C796DF2E8F415500A31CD8 /* Release */ = {
			isa = XCBuildConfiguration;
			buildSettings = {
				ALWAYS_EMBED_SWIFT_STANDARD_LIBRARIES = YES;
				CODE_SIGN_STYLE = Automatic;
				CURRENT_PROJECT_VERSION = 1;
				GENERATE_INFOPLIST_FILE = YES;
				MARKETING_VERSION = 1.0;
				PRODUCT_BUNDLE_IDENTIFIER = com.WaterClockUITests;
				PRODUCT_NAME = "$(TARGET_NAME)";
				SWIFT_EMIT_LOC_STRINGS = NO;
				SWIFT_VERSION = 5.0;
				TARGETED_DEVICE_FAMILY = "1,2";
				TEST_TARGET_NAME = WaterClock;
			};
			name = Release;
		};
/* End XCBuildConfiguration section */

/* Begin XCConfigurationList section */
		04C796AE2E8F415200A31CD8 /* Build configuration list for PBXProject "WaterClock" */ = {
			isa = XCConfigurationList;
			buildConfigurations = (
				04C796D52E8F415500A31CD8 /* Debug */,
				04C796D62E8F415500A31CD8 /* Release */,
			);
			defaultConfigurationIsVisible = 0;
			defaultConfigurationName = Release;
		};
		04C796D72E8F415500A31CD8 /* Build configuration list for PBXNativeTarget "WaterClock" */ = {
			isa = XCConfigurationList;
			buildConfigurations = (
				04C796D82E8F415500A31CD8 /* Debug */,
				04C796D92E8F415500A31CD8 /* Release */,
			);
			defaultConfigurationIsVisible = 0;
			defaultConfigurationName = Release;
		};
		04C796DA2E8F415500A31CD8 /* Build configuration list for PBXNativeTarget "WaterClockTests" */ = {
			isa = XCConfigurationList;
			buildConfigurations = (
				04C796DB2E8F415500A31CD8 /* Debug */,
				04C796DC2E8F415500A31CD8 /* Release */,
			);
			defaultConfigurationIsVisible = 0;
			defaultConfigurationName = Release;
		};
		04C796DD2E8F415500A31CD8 /* Build configuration list for PBXNativeTarget "WaterClockUITests" */ = {
			isa = XCConfigurationList;
			buildConfigurations = (
				04C796DE2E8F415500A31CD8 /* Debug */,
				04C796DF2E8F415500A31CD8 /* Release */,
			);
			defaultConfigurationIsVisible = 0;
			defaultConfigurationName = Release;
		};
/* End XCConfigurationList section */
	};
	rootObject = 04C796AB2E8F415200A31CD8 /* Project object */;
}
